
Microsoft Visual Studio Solution File, Format Version 12.00
# Visual Studio Version 17
Project("{FAE04EC0-301F-11D3-BF4B-00C04F79EFBC}") = "NDGen.Generators.Markdown", "src\NDGen.Generators.Markdown\NDGen.Generators.Markdown.csproj", "{B1111111-1111-1111-1111-111111111111}"
EndProject
Project("{FAE04EC0-301F-11D3-BF4B-00C04F79EFBC}") = "ND100.Markdown.Tool", "src\ND100.Markdown.Tool\ND100.Markdown.Tool.csproj", "{B2222222-2222-2222-2222-222222222222}"
EndProject
Project("{2150E333-8FDC-42A3-9474-1A3956D46DE8}") = "nd100-definitions", "nd100-definitions", "{D142FB04-4EC9-8555-DF7F-57FDB0F2DC87}"
EndProject
Project("{2150E333-8FDC-42A3-9474-1A3956D46DE8}") = "src", "src", "{CC5FE969-D1DF-5C92-EB92-CCF6C38A7052}"
EndProject
Project("{FAE04EC0-301F-11D3-BF4B-00C04F79EFBC}") = "ND100.Definitions", "nd100-definitions\src\ND100.Definitions\ND100.Definitions.csproj", "{66D8EF07-DBB5-4789-AEB9-1F2C16405067}"
EndProject
Global
	GlobalSection(SolutionConfigurationPlatforms) = preSolution
		Debug|Any CPU = Debug|Any CPU
		Debug|x64 = Debug|x64
		Debug|x86 = Debug|x86
		Release|Any CPU = Release|Any CPU
		Release|x64 = Release|x64
		Release|x86 = Release|x86
	EndGlobalSection
	GlobalSection(ProjectConfigurationPlatforms) = postSolution
		{B1111111-1111-1111-1111-111111111111}.Debug|Any CPU.ActiveCfg = Debug|Any CPU
		{B1111111-1111-1111-1111-111111111111}.Debug|Any CPU.Build.0 = Debug|Any CPU
		{B1111111-1111-1111-1111-111111111111}.Debug|x64.ActiveCfg = Debug|Any CPU
		{B1111111-1111-1111-1111-111111111111}.Debug|x64.Build.0 = Debug|Any CPU
		{B1111111-1111-1111-1111-111111111111}.Debug|x86.ActiveCfg = Debug|Any CPU
		{B1111111-1111-1111-1111-111111111111}.Debug|x86.Build.0 = Debug|Any CPU
		{B1111111-1111-1111-1111-111111111111}.Release|Any CPU.ActiveCfg = Release|Any CPU
		{B1111111-1111-1111-1111-111111111111}.Release|Any CPU.Build.0 = Release|Any CPU
		{B1111111-1111-1111-1111-111111111111}.Release|x64.ActiveCfg = Release|Any CPU
		{B1111111-1111-1111-1111-111111111111}.Release|x64.Build.0 = Release|Any CPU
		{B1111111-1111-1111-1111-111111111111}.Release|x86.ActiveCfg = Release|Any CPU
		{B1111111-1111-1111-1111-111111111111}.Release|x86.Build.0 = Release|Any CPU
		{B2222222-2222-2222-2222-222222222222}.Debug|Any CPU.ActiveCfg = Debug|Any CPU
		{B2222222-2222-2222-2222-222222222222}.Debug|Any CPU.Build.0 = Debug|Any CPU
		{B2222222-2222-2222-2222-222222222222}.Debug|x64.ActiveCfg = Debug|Any CPU
		{B2222222-2222-2222-2222-222222222222}.Debug|x64.Build.0 = Debug|Any CPU
		{B2222222-2222-2222-2222-222222222222}.Debug|x86.ActiveCfg = Debug|Any CPU
		{B2222222-2222-2222-2222-222222222222}.Debug|x86.Build.0 = Debug|Any CPU
		{B2222222-2222-2222-2222-222222222222}.Release|Any CPU.ActiveCfg = Release|Any CPU
		{B2222222-2222-2222-2222-222222222222}.Release|Any CPU.Build.0 = Release|Any CPU
		{B2222222-2222-2222-2222-222222222222}.Release|x64.ActiveCfg = Release|Any CPU
		{B2222222-2222-2222-2222-222222222222}.Release|x64.Build.0 = Release|Any CPU
		{B2222222-2222-2222-2222-222222222222}.Release|x86.ActiveCfg = Release|Any CPU
		{B2222222-2222-2222-2222-222222222222}.Release|x86.Build.0 = Release|Any CPU
		{66D8EF07-DBB5-4789-AEB9-1F2C16405067}.Debug|Any CPU.ActiveCfg = Debug|Any CPU
		{66D8EF07-DBB5-4789-AEB9-1F2C16405067}.Debug|Any CPU.Build.0 = Debug|Any CPU
		{66D8EF07-DBB5-4789-AEB9-1F2C16405067}.Debug|x64.ActiveCfg = Debug|Any CPU
		{66D8EF07-DBB5-4789-AEB9-1F2C16405067}.Debug|x64.Build.0 = Debug|Any CPU
		{66D8EF07-DBB5-4789-AEB9-1F2C16405067}.Debug|x86.ActiveCfg = Debug|Any CPU
		{66D8EF07-DBB5-4789-AEB9-1F2C16405067}.Debug|x86.Build.0 = Debug|Any CPU
		{66D8EF07-DBB5-4789-AEB9-1F2C16405067}.Release|Any CPU.ActiveCfg = Release|Any CPU
		{66D8EF07-DBB5-4789-AEB9-1F2C16405067}.Release|Any CPU.Build.0 = Release|Any CPU
		{66D8EF07-DBB5-4789-AEB9-1F2C16405067}.Release|x64.ActiveCfg = Release|Any CPU
		{66D8EF07-DBB5-4789-AEB9-1F2C16405067}.Release|x64.Build.0 = Release|Any CPU
		{66D8EF07-DBB5-4789-AEB9-1F2C16405067}.Release|x86.ActiveCfg = Release|Any CPU
		{66D8EF07-DBB5-4789-AEB9-1F2C16405067}.Release|x86.Build.0 = Release|Any CPU
	EndGlobalSection
	GlobalSection(SolutionProperties) = preSolution
		HideSolutionNode = FALSE
	EndGlobalSection
	GlobalSection(NestedProjects) = preSolution
		{CC5FE969-D1DF-5C92-EB92-CCF6C38A7052} = {D142FB04-4EC9-8555-DF7F-57FDB0F2DC87}
		{66D8EF07-DBB5-4789-AEB9-1F2C16405067} = {CC5FE969-D1DF-5C92-EB92-CCF6C38A7052}
	EndGlobalSection
EndGlobal
